
Microsoft Visual Studio Solution File, Format Version 12.00
# Visual Studio Version 16
VisualStudioVersion = 16.0.30413.136
MinimumVisualStudioVersion = 10.0.40219.1
Project("{FAE04EC0-301F-11D3-BF4B-00C04F79EFBC}") = "Console Application", "Console Application\Console Application.csproj", "{04DE65E7-364C-4EF9-87E1-A9E43551E2D5}"
EndProject
Global
	GlobalSection(SolutionConfigurationPlatforms) = preSolution
		Debug|Any CPU = Debug|Any CPU
		Release|Any CPU = Release|Any CPU
	EndGlobalSection
	GlobalSection(ProjectConfigurationPlatforms) = postSolution
		{04DE65E7-364C-4EF9-87E1-A9E43551E2D5}.Debug|Any CPU.ActiveCfg = Debug|Any CPU
		{04DE65E7-364C-4EF9-87E1-A9E43551E2D5}.Debug|Any CPU.Build.0 = Debug|Any CPU
		{04DE65E7-364C-4EF9-87E1-A9E43551E2D5}.Release|Any CPU.ActiveCfg = Release|Any CPU
		{04DE65E7-364C-4EF9-87E1-A9E43551E2D5}.Release|Any CPU.Build.0 = Release|Any CPU
	EndGlobalSection
	GlobalSection(SolutionProperties) = preSolution
		HideSolutionNode = FALSE
	EndGlobalSection
	GlobalSection(ExtensibilityGlobals) = postSolution
		SolutionGuid = {F9E2ED04-B33C-4309-8FBB-2B3CD605CEF4}
	EndGlobalSection
EndGlobal
